
Microsoft Visual Studio Solution File, Format Version 12.00
# Visual Studio Version 16
VisualStudioVersion = 16.0.29209.62
MinimumVisualStudioVersion = 10.0.40219.1
Project("{8BC9CEB8-8B4A-11D0-8D11-00A0C91BC942}") = "SOF", "SOF\SOF.vcxproj", "{94BF6170-CDC3-4DCC-9641-9415724A2420}"
EndProject
Project("{8BC9CEB8-8B4A-11D0-8D11-00A0C91BC942}") = "SOFApp", "SOFApp\SOFApp.vcxproj", "{3019BAC1-2B7F-41AE-B15E-176043579A74}"
	ProjectSection(ProjectDependencies) = postProject
		{F9648F42-2B90-4122-83EB-659F89374C0C} = {F9648F42-2B90-4122-83EB-659F89374C0C}
		{94BF6170-CDC3-4DCC-9641-9415724A2420} = {94BF6170-CDC3-4DCC-9641-9415724A2420}
		{E630D6FB-9583-4DB8-8BEC-F7979A78B63F} = {E630D6FB-9583-4DB8-8BEC-F7979A78B63F}
	EndProjectSection
EndProject
Project("{8BC9CEB8-8B4A-11D0-8D11-00A0C91BC942}") = "RenderLib", "RenderLib\RenderLib.vcxproj", "{E630D6FB-9583-4DB8-8BEC-F7979A78B63F}"
EndProject
Project("{8BC9CEB8-8B4A-11D0-8D11-00A0C91BC942}") = "Physics", "Physics\Physics.vcxproj", "{F9648F42-2B90-4122-83EB-659F89374C0C}"
EndProject
Global
	GlobalSection(SolutionConfigurationPlatforms) = preSolution
		Debug|x86 = Debug|x86
		Release|x86 = Release|x86
	EndGlobalSection
	GlobalSection(ProjectConfigurationPlatforms) = postSolution
		{94BF6170-CDC3-4DCC-9641-9415724A2420}.Debug|x86.ActiveCfg = Debug|Win32
		{94BF6170-CDC3-4DCC-9641-9415724A2420}.Debug|x86.Build.0 = Debug|Win32
		{94BF6170-CDC3-4DCC-9641-9415724A2420}.Release|x86.ActiveCfg = Release|Win32
		{94BF6170-CDC3-4DCC-9641-9415724A2420}.Release|x86.Build.0 = Release|Win32
		{3019BAC1-2B7F-41AE-B15E-176043579A74}.Debug|x86.ActiveCfg = Debug|Win32
		{3019BAC1-2B7F-41AE-B15E-176043579A74}.Debug|x86.Build.0 = Debug|Win32
		{3019BAC1-2B7F-41AE-B15E-176043579A74}.Release|x86.ActiveCfg = Release|Win32
		{3019BAC1-2B7F-41AE-B15E-176043579A74}.Release|x86.Build.0 = Release|Win32
		{E630D6FB-9583-4DB8-8BEC-F7979A78B63F}.Debug|x86.ActiveCfg = Debug|Win32
		{E630D6FB-9583-4DB8-8BEC-F7979A78B63F}.Debug|x86.Build.0 = Debug|Win32
		{E630D6FB-9583-4DB8-8BEC-F7979A78B63F}.Release|x86.ActiveCfg = Release|Win32
		{E630D6FB-9583-4DB8-8BEC-F7979A78B63F}.Release|x86.Build.0 = Release|Win32
		{F9648F42-2B90-4122-83EB-659F89374C0C}.Debug|x86.ActiveCfg = Debug|Win32
		{F9648F42-2B90-4122-83EB-659F89374C0C}.Debug|x86.Build.0 = Debug|Win32
		{F9648F42-2B90-4122-83EB-659F89374C0C}.Release|x86.ActiveCfg = Release|Win32
		{F9648F42-2B90-4122-83EB-659F89374C0C}.Release|x86.Build.0 = Release|Win32
	EndGlobalSection
	GlobalSection(SolutionProperties) = preSolution
		HideSolutionNode = FALSE
	EndGlobalSection
	GlobalSection(ExtensibilityGlobals) = postSolution
		SolutionGuid = {B20776CF-3961-4CF0-8C42-1C94B7D7772C}
	EndGlobalSection
EndGlobal
